// !$*UTF8*$!
{
	archiveVersion = 1;
	classes = {
	};
	objectVersion = 55;
	objects = {

/* Begin PBXBuildFile section */
		1296798027BE63890036953B /* AppDelegate.swift in Sources */ = {isa = PBXBuildFile; fileRef = 1296797F27BE63890036953B /* AppDelegate.swift */; };
		1296798227BE63890036953B /* SceneDelegate.swift in Sources */ = {isa = PBXBuildFile; fileRef = 1296798127BE63890036953B /* SceneDelegate.swift */; };
		1296798427BE63890036953B /* ViewController.swift in Sources */ = {isa = PBXBuildFile; fileRef = 1296798327BE63890036953B /* ViewController.swift */; };
		1296798727BE63890036953B /* Main.storyboard in Resources */ = {isa = PBXBuildFile; fileRef = 1296798527BE63890036953B /* Main.storyboard */; };
		1296798927BE638B0036953B /* Assets.xcassets in Resources */ = {isa = PBXBuildFile; fileRef = 1296798827BE638B0036953B /* Assets.xcassets */; };
		1296798C27BE638B0036953B /* LaunchScreen.storyboard in Resources */ = {isa = PBXBuildFile; fileRef = 1296798A27BE638B0036953B /* LaunchScreen.storyboard */; };
		1296799527BE672B0036953B /* SnapKit in Frameworks */ = {isa = PBXBuildFile; productRef = 1296799427BE672B0036953B /* SnapKit */; };
		1296799827BE67380036953B /* AddThen in Frameworks */ = {isa = PBXBuildFile; productRef = 1296799727BE67380036953B /* AddThen */; };
		1296799B27BE678C0036953B /* CombineCocoa in Frameworks */ = {isa = PBXBuildFile; productRef = 1296799A27BE678C0036953B /* CombineCocoa */; };
		1296799E27BE68EC0036953B /* ErrorFactory.swift in Sources */ = {isa = PBXBuildFile; fileRef = 1296799D27BE68EC0036953B /* ErrorFactory.swift */; };
		129679A327BE6A250036953B /* AppleStoreSearchService.swift in Sources */ = {isa = PBXBuildFile; fileRef = 129679A227BE6A250036953B /* AppleStoreSearchService.swift */; };
		129679A627BE6C4F0036953B /* Realm in Frameworks */ = {isa = PBXBuildFile; productRef = 129679A527BE6C4F0036953B /* Realm */; };
		129679A827BE6C4F0036953B /* RealmSwift in Frameworks */ = {isa = PBXBuildFile; productRef = 129679A727BE6C4F0036953B /* RealmSwift */; };
		129679AB27BE78BA0036953B /* SearchViewController.swift in Sources */ = {isa = PBXBuildFile; fileRef = 129679AA27BE78BA0036953B /* SearchViewController.swift */; };
		129679AD27BE85CF0036953B /* SearchViewCore.swift in Sources */ = {isa = PBXBuildFile; fileRef = 129679AC27BE85CF0036953B /* SearchViewCore.swift */; };
		129679AF27BEA5F60036953B /* AppModel.swift in Sources */ = {isa = PBXBuildFile; fileRef = 129679AE27BEA5F60036953B /* AppModel.swift */; };
		129679B127BFC7A50036953B /* SearchRecentTableViewCell.swift in Sources */ = {isa = PBXBuildFile; fileRef = 129679B027BFC7A50036953B /* SearchRecentTableViewCell.swift */; };
		129679B327BFCBD10036953B /* RecentSearchModel.swift in Sources */ = {isa = PBXBuildFile; fileRef = 129679B227BFCBD10036953B /* RecentSearchModel.swift */; };
		129679B527C2112F0036953B /* AppCollectionViewCell.swift in Sources */ = {isa = PBXBuildFile; fileRef = 129679B427C2112E0036953B /* AppCollectionViewCell.swift */; };
		129679B827C220480036953B /* UIImageView+Extension.swift in Sources */ = {isa = PBXBuildFile; fileRef = 129679B727C220480036953B /* UIImageView+Extension.swift */; };
		129679BA27C220A70036953B /* ImageCacheService.swift in Sources */ = {isa = PBXBuildFile; fileRef = 129679B927C220A70036953B /* ImageCacheService.swift */; };
/* End PBXBuildFile section */

/* Begin PBXFileReference section */
		1296797C27BE63890036953B /* AppleStore.app */ = {isa = PBXFileReference; explicitFileType = wrapper.application; includeInIndex = 0; path = AppleStore.app; sourceTree = BUILT_PRODUCTS_DIR; };
		1296797F27BE63890036953B /* AppDelegate.swift */ = {isa = PBXFileReference; lastKnownFileType = sourcecode.swift; path = AppDelegate.swift; sourceTree = "<group>"; };
		1296798127BE63890036953B /* SceneDelegate.swift */ = {isa = PBXFileReference; lastKnownFileType = sourcecode.swift; path = SceneDelegate.swift; sourceTree = "<group>"; };
		1296798327BE63890036953B /* ViewController.swift */ = {isa = PBXFileReference; lastKnownFileType = sourcecode.swift; path = ViewController.swift; sourceTree = "<group>"; };
		1296798627BE63890036953B /* Base */ = {isa = PBXFileReference; lastKnownFileType = file.storyboard; name = Base; path = Base.lproj/Main.storyboard; sourceTree = "<group>"; };
		1296798827BE638B0036953B /* Assets.xcassets */ = {isa = PBXFileReference; lastKnownFileType = folder.assetcatalog; path = Assets.xcassets; sourceTree = "<group>"; };
		1296798B27BE638B0036953B /* Base */ = {isa = PBXFileReference; lastKnownFileType = file.storyboard; name = Base; path = Base.lproj/LaunchScreen.storyboard; sourceTree = "<group>"; };
		1296798D27BE638B0036953B /* Info.plist */ = {isa = PBXFileReference; lastKnownFileType = text.plist.xml; path = Info.plist; sourceTree = "<group>"; };
		1296799D27BE68EC0036953B /* ErrorFactory.swift */ = {isa = PBXFileReference; lastKnownFileType = sourcecode.swift; path = ErrorFactory.swift; sourceTree = "<group>"; };
		129679A227BE6A250036953B /* AppleStoreSearchService.swift */ = {isa = PBXFileReference; lastKnownFileType = sourcecode.swift; path = AppleStoreSearchService.swift; sourceTree = "<group>"; };
		129679AA27BE78BA0036953B /* SearchViewController.swift */ = {isa = PBXFileReference; lastKnownFileType = sourcecode.swift; path = SearchViewController.swift; sourceTree = "<group>"; };
		129679AC27BE85CF0036953B /* SearchViewCore.swift */ = {isa = PBXFileReference; lastKnownFileType = sourcecode.swift; path = SearchViewCore.swift; sourceTree = "<group>"; };
		129679AE27BEA5F60036953B /* AppModel.swift */ = {isa = PBXFileReference; lastKnownFileType = sourcecode.swift; path = AppModel.swift; sourceTree = "<group>"; };
		129679B027BFC7A50036953B /* SearchRecentTableViewCell.swift */ = {isa = PBXFileReference; lastKnownFileType = sourcecode.swift; path = SearchRecentTableViewCell.swift; sourceTree = "<group>"; };
		129679B227BFCBD10036953B /* RecentSearchModel.swift */ = {isa = PBXFileReference; lastKnownFileType = sourcecode.swift; path = RecentSearchModel.swift; sourceTree = "<group>"; };
		129679B427C2112E0036953B /* AppCollectionViewCell.swift */ = {isa = PBXFileReference; lastKnownFileType = sourcecode.swift; path = AppCollectionViewCell.swift; sourceTree = "<group>"; };
		129679B727C220480036953B /* UIImageView+Extension.swift */ = {isa = PBXFileReference; lastKnownFileType = sourcecode.swift; path = "UIImageView+Extension.swift"; sourceTree = "<group>"; };
		129679B927C220A70036953B /* ImageCacheService.swift */ = {isa = PBXFileReference; lastKnownFileType = sourcecode.swift; path = ImageCacheService.swift; sourceTree = "<group>"; };
/* End PBXFileReference section */

/* Begin PBXFrameworksBuildPhase section */
		1296797927BE63890036953B /* Frameworks */ = {
			isa = PBXFrameworksBuildPhase;
			buildActionMask = 2147483647;
			files = (
				1296799527BE672B0036953B /* SnapKit in Frameworks */,
				1296799B27BE678C0036953B /* CombineCocoa in Frameworks */,
				129679A627BE6C4F0036953B /* Realm in Frameworks */,
				129679A827BE6C4F0036953B /* RealmSwift in Frameworks */,
				1296799827BE67380036953B /* AddThen in Frameworks */,
			);
			runOnlyForDeploymentPostprocessing = 0;
		};
/* End PBXFrameworksBuildPhase section */

/* Begin PBXGroup section */
		1296797327BE63890036953B = {
			isa = PBXGroup;
			children = (
				1296797E27BE63890036953B /* AppleStore */,
				1296797D27BE63890036953B /* Products */,
			);
			sourceTree = "<group>";
		};
		1296797D27BE63890036953B /* Products */ = {
			isa = PBXGroup;
			children = (
				1296797C27BE63890036953B /* AppleStore.app */,
			);
			name = Products;
			sourceTree = "<group>";
		};
		1296797E27BE63890036953B /* AppleStore */ = {
			isa = PBXGroup;
			children = (
				129679B627C220380036953B /* Extension */,
				129679A127BE691E0036953B /* Model */,
				129679A027BE69150036953B /* Scene */,
				1296799F27BE690A0036953B /* Service */,
				1296799C27BE68E10036953B /* Protocol */,
				1296797F27BE63890036953B /* AppDelegate.swift */,
				1296798127BE63890036953B /* SceneDelegate.swift */,
				1296798327BE63890036953B /* ViewController.swift */,
				1296798527BE63890036953B /* Main.storyboard */,
				1296798827BE638B0036953B /* Assets.xcassets */,
				1296798A27BE638B0036953B /* LaunchScreen.storyboard */,
				1296798D27BE638B0036953B /* Info.plist */,
			);
			path = AppleStore;
			sourceTree = "<group>";
		};
		1296799C27BE68E10036953B /* Protocol */ = {
			isa = PBXGroup;
			children = (
				1296799D27BE68EC0036953B /* ErrorFactory.swift */,
			);
			path = Protocol;
			sourceTree = "<group>";
		};
		1296799F27BE690A0036953B /* Service */ = {
			isa = PBXGroup;
			children = (
				129679A227BE6A250036953B /* AppleStoreSearchService.swift */,
				129679B927C220A70036953B /* ImageCacheService.swift */,
			);
			path = Service;
			sourceTree = "<group>";
		};
		129679A027BE69150036953B /* Scene */ = {
			isa = PBXGroup;
			children = (
				129679A927BE78900036953B /* SearchView */,
			);
			path = Scene;
			sourceTree = "<group>";
		};
		129679A127BE691E0036953B /* Model */ = {
			isa = PBXGroup;
			children = (
				129679AE27BEA5F60036953B /* AppModel.swift */,
				129679B227BFCBD10036953B /* RecentSearchModel.swift */,
			);
			path = Model;
			sourceTree = "<group>";
		};
		129679A927BE78900036953B /* SearchView */ = {
			isa = PBXGroup;
			children = (
				129679AA27BE78BA0036953B /* SearchViewController.swift */,
				129679AC27BE85CF0036953B /* SearchViewCore.swift */,
				129679B027BFC7A50036953B /* SearchRecentTableViewCell.swift */,
				129679B427C2112E0036953B /* AppCollectionViewCell.swift */,
			);
			path = SearchView;
			sourceTree = "<group>";
		};
		129679B627C220380036953B /* Extension */ = {
			isa = PBXGroup;
			children = (
				129679B727C220480036953B /* UIImageView+Extension.swift */,
			);
			path = Extension;
			sourceTree = "<group>";
		};
/* End PBXGroup section */

/* Begin PBXNativeTarget section */
		1296797B27BE63890036953B /* AppleStore */ = {
			isa = PBXNativeTarget;
			buildConfigurationList = 1296799027BE638B0036953B /* Build configuration list for PBXNativeTarget "AppleStore" */;
			buildPhases = (
				1296797827BE63890036953B /* Sources */,
				1296797927BE63890036953B /* Frameworks */,
				1296797A27BE63890036953B /* Resources */,
			);
			buildRules = (
			);
			dependencies = (
			);
			name = AppleStore;
			packageProductDependencies = (
				1296799427BE672B0036953B /* SnapKit */,
				1296799727BE67380036953B /* AddThen */,
				1296799A27BE678C0036953B /* CombineCocoa */,
				129679A527BE6C4F0036953B /* Realm */,
				129679A727BE6C4F0036953B /* RealmSwift */,
			);
			productName = AppleStore;
			productReference = 1296797C27BE63890036953B /* AppleStore.app */;
			productType = "com.apple.product-type.application";
		};
/* End PBXNativeTarget section */

/* Begin PBXProject section */
		1296797427BE63890036953B /* Project object */ = {
			isa = PBXProject;
			attributes = {
				BuildIndependentTargetsInParallel = 1;
				LastSwiftUpdateCheck = 1310;
				LastUpgradeCheck = 1310;
				TargetAttributes = {
					1296797B27BE63890036953B = {
						CreatedOnToolsVersion = 13.1;
					};
				};
			};
			buildConfigurationList = 1296797727BE63890036953B /* Build configuration list for PBXProject "AppleStore" */;
			compatibilityVersion = "Xcode 13.0";
			developmentRegion = en;
			hasScannedForEncodings = 0;
			knownRegions = (
				en,
				Base,
			);
			mainGroup = 1296797327BE63890036953B;
			packageReferences = (
				1296799327BE672B0036953B /* XCRemoteSwiftPackageReference "SnapKit" */,
				1296799627BE67380036953B /* XCRemoteSwiftPackageReference "addthen" */,
				1296799927BE678C0036953B /* XCRemoteSwiftPackageReference "CombineCocoa" */,
				129679A427BE6C4F0036953B /* XCRemoteSwiftPackageReference "realm-swift" */,
			);
			productRefGroup = 1296797D27BE63890036953B /* Products */;
			projectDirPath = "";
			projectRoot = "";
			targets = (
				1296797B27BE63890036953B /* AppleStore */,
			);
		};
/* End PBXProject section */

/* Begin PBXResourcesBuildPhase section */
		1296797A27BE63890036953B /* Resources */ = {
			isa = PBXResourcesBuildPhase;
			buildActionMask = 2147483647;
			files = (
				1296798C27BE638B0036953B /* LaunchScreen.storyboard in Resources */,
				1296798927BE638B0036953B /* Assets.xcassets in Resources */,
				1296798727BE63890036953B /* Main.storyboard in Resources */,
			);
			runOnlyForDeploymentPostprocessing = 0;
		};
/* End PBXResourcesBuildPhase section */

/* Begin PBXSourcesBuildPhase section */
		1296797827BE63890036953B /* Sources */ = {
			isa = PBXSourcesBuildPhase;
			buildActionMask = 2147483647;
			files = (
				129679AB27BE78BA0036953B /* SearchViewController.swift in Sources */,
				129679AD27BE85CF0036953B /* SearchViewCore.swift in Sources */,
				129679B327BFCBD10036953B /* RecentSearchModel.swift in Sources */,
				1296798427BE63890036953B /* ViewController.swift in Sources */,
				129679AF27BEA5F60036953B /* AppModel.swift in Sources */,
				1296798027BE63890036953B /* AppDelegate.swift in Sources */,
				129679B827C220480036953B /* UIImageView+Extension.swift in Sources */,
				1296798227BE63890036953B /* SceneDelegate.swift in Sources */,
				129679BA27C220A70036953B /* ImageCacheService.swift in Sources */,
				1296799E27BE68EC0036953B /* ErrorFactory.swift in Sources */,
				129679B127BFC7A50036953B /* SearchRecentTableViewCell.swift in Sources */,
				129679A327BE6A250036953B /* AppleStoreSearchService.swift in Sources */,
				129679B527C2112F0036953B /* AppCollectionViewCell.swift in Sources */,
			);
			runOnlyForDeploymentPostprocessing = 0;
		};
/* End PBXSourcesBuildPhase section */

/* Begin PBXVariantGroup section */
		1296798527BE63890036953B /* Main.storyboard */ = {
			isa = PBXVariantGroup;
			children = (
				1296798627BE63890036953B /* Base */,
			);
			name = Main.storyboard;
			sourceTree = "<group>";
		};
		1296798A27BE638B0036953B /* LaunchScreen.storyboard */ = {
			isa = PBXVariantGroup;
			children = (
				1296798B27BE638B0036953B /* Base */,
			);
			name = LaunchScreen.storyboard;
			sourceTree = "<group>";
		};
/* End PBXVariantGroup section */

/* Begin XCBuildConfiguration section */
		1296798E27BE638B0036953B /* Debug */ = {
			isa = XCBuildConfiguration;
			buildSettings = {
				ALWAYS_SEARCH_USER_PATHS = NO;
				CLANG_ANALYZER_NONNULL = YES;
				CLANG_ANALYZER_NUMBER_OBJECT_CONVERSION = YES_AGGRESSIVE;
				CLANG_CXX_LANGUAGE_STANDARD = "gnu++17";
				CLANG_CXX_LIBRARY = "libc++";
				CLANG_ENABLE_MODULES = YES;
				CLANG_ENABLE_OBJC_ARC = YES;
				CLANG_ENABLE_OBJC_WEAK = YES;
				CLANG_WARN_BLOCK_CAPTURE_AUTORELEASING = YES;
				CLANG_WARN_BOOL_CONVERSION = YES;
				CLANG_WARN_COMMA = YES;
				CLANG_WARN_CONSTANT_CONVERSION = YES;
				CLANG_WARN_DEPRECATED_OBJC_IMPLEMENTATIONS = YES;
				CLANG_WARN_DIRECT_OBJC_ISA_USAGE = YES_ERROR;
				CLANG_WARN_DOCUMENTATION_COMMENTS = YES;
				CLANG_WARN_EMPTY_BODY = YES;
				CLANG_WARN_ENUM_CONVERSION = YES;
				CLANG_WARN_INFINITE_RECURSION = YES;
				CLANG_WARN_INT_CONVERSION = YES;
				CLANG_WARN_NON_LITERAL_NULL_CONVERSION = YES;
				CLANG_WARN_OBJC_IMPLICIT_RETAIN_SELF = YES;
				CLANG_WARN_OBJC_LITERAL_CONVERSION = YES;
				CLANG_WARN_OBJC_ROOT_CLASS = YES_ERROR;
				CLANG_WARN_QUOTED_INCLUDE_IN_FRAMEWORK_HEADER = YES;
				CLANG_WARN_RANGE_LOOP_ANALYSIS = YES;
				CLANG_WARN_STRICT_PROTOTYPES = YES;
				CLANG_WARN_SUSPICIOUS_MOVE = YES;
				CLANG_WARN_UNGUARDED_AVAILABILITY = YES_AGGRESSIVE;
				CLANG_WARN_UNREACHABLE_CODE = YES;
				CLANG_WARN__DUPLICATE_METHOD_MATCH = YES;
				COPY_PHASE_STRIP = NO;
				DEBUG_INFORMATION_FORMAT = dwarf;
				ENABLE_STRICT_OBJC_MSGSEND = YES;
				ENABLE_TESTABILITY = YES;
				GCC_C_LANGUAGE_STANDARD = gnu11;
				GCC_DYNAMIC_NO_PIC = NO;
				GCC_NO_COMMON_BLOCKS = YES;
				GCC_OPTIMIZATION_LEVEL = 0;
				GCC_PREPROCESSOR_DEFINITIONS = (
					"DEBUG=1",
					"$(inherited)",
				);
				GCC_WARN_64_TO_32_BIT_CONVERSION = YES;
				GCC_WARN_ABOUT_RETURN_TYPE = YES_ERROR;
				GCC_WARN_UNDECLARED_SELECTOR = YES;
				GCC_WARN_UNINITIALIZED_AUTOS = YES_AGGRESSIVE;
				GCC_WARN_UNUSED_FUNCTION = YES;
				GCC_WARN_UNUSED_VARIABLE = YES;
				IPHONEOS_DEPLOYMENT_TARGET = 15.0;
				MTL_ENABLE_DEBUG_INFO = INCLUDE_SOURCE;
				MTL_FAST_MATH = YES;
				ONLY_ACTIVE_ARCH = YES;
				SDKROOT = iphoneos;
				SWIFT_ACTIVE_COMPILATION_CONDITIONS = DEBUG;
				SWIFT_OPTIMIZATION_LEVEL = "-Onone";
			};
			name = Debug;
		};
		1296798F27BE638B0036953B /* Release */ = {
			isa = XCBuildConfiguration;
			buildSettings = {
				ALWAYS_SEARCH_USER_PATHS = NO;
				CLANG_ANALYZER_NONNULL = YES;
				CLANG_ANALYZER_NUMBER_OBJECT_CONVERSION = YES_AGGRESSIVE;
				CLANG_CXX_LANGUAGE_STANDARD = "gnu++17";
				CLANG_CXX_LIBRARY = "libc++";
				CLANG_ENABLE_MODULES = YES;
				CLANG_ENABLE_OBJC_ARC = YES;
				CLANG_ENABLE_OBJC_WEAK = YES;
				CLANG_WARN_BLOCK_CAPTURE_AUTORELEASING = YES;
				CLANG_WARN_BOOL_CONVERSION = YES;
				CLANG_WARN_COMMA = YES;
				CLANG_WARN_CONSTANT_CONVERSION = YES;
				CLANG_WARN_DEPRECATED_OBJC_IMPLEMENTATIONS = YES;
				CLANG_WARN_DIRECT_OBJC_ISA_USAGE = YES_ERROR;
				CLANG_WARN_DOCUMENTATION_COMMENTS = YES;
				CLANG_WARN_EMPTY_BODY = YES;
				CLANG_WARN_ENUM_CONVERSION = YES;
				CLANG_WARN_INFINITE_RECURSION = YES;
				CLANG_WARN_INT_CONVERSION = YES;
				CLANG_WARN_NON_LITERAL_NULL_CONVERSION = YES;
				CLANG_WARN_OBJC_IMPLICIT_RETAIN_SELF = YES;
				CLANG_WARN_OBJC_LITERAL_CONVERSION = YES;
				CLANG_WARN_OBJC_ROOT_CLASS = YES_ERROR;
				CLANG_WARN_QUOTED_INCLUDE_IN_FRAMEWORK_HEADER = YES;
				CLANG_WARN_RANGE_LOOP_ANALYSIS = YES;
				CLANG_WARN_STRICT_PROTOTYPES = YES;
				CLANG_WARN_SUSPICIOUS_MOVE = YES;
				CLANG_WARN_UNGUARDED_AVAILABILITY = YES_AGGRESSIVE;
				CLANG_WARN_UNREACHABLE_CODE = YES;
				CLANG_WARN__DUPLICATE_METHOD_MATCH = YES;
				COPY_PHASE_STRIP = NO;
				DEBUG_INFORMATION_FORMAT = "dwarf-with-dsym";
				ENABLE_NS_ASSERTIONS = NO;
				ENABLE_STRICT_OBJC_MSGSEND = YES;
				GCC_C_LANGUAGE_STANDARD = gnu11;
				GCC_NO_COMMON_BLOCKS = YES;
				GCC_WARN_64_TO_32_BIT_CONVERSION = YES;
				GCC_WARN_ABOUT_RETURN_TYPE = YES_ERROR;
				GCC_WARN_UNDECLARED_SELECTOR = YES;
				GCC_WARN_UNINITIALIZED_AUTOS = YES_AGGRESSIVE;
				GCC_WARN_UNUSED_FUNCTION = YES;
				GCC_WARN_UNUSED_VARIABLE = YES;
				IPHONEOS_DEPLOYMENT_TARGET = 15.0;
				MTL_ENABLE_DEBUG_INFO = NO;
				MTL_FAST_MATH = YES;
				SDKROOT = iphoneos;
				SWIFT_COMPILATION_MODE = wholemodule;
				SWIFT_OPTIMIZATION_LEVEL = "-O";
				VALIDATE_PRODUCT = YES;
			};
			name = Release;
		};
		1296799127BE638B0036953B /* Debug */ = {
			isa = XCBuildConfiguration;
			buildSettings = {
				ASSETCATALOG_COMPILER_APPICON_NAME = AppIcon;
				ASSETCATALOG_COMPILER_GLOBAL_ACCENT_COLOR_NAME = AccentColor;
				CODE_SIGN_STYLE = Automatic;
				CURRENT_PROJECT_VERSION = 1;
				DEVELOPMENT_TEAM = VZTRDYYN8R;
				GENERATE_INFOPLIST_FILE = YES;
				INFOPLIST_FILE = AppleStore/Info.plist;
				INFOPLIST_KEY_UIApplicationSupportsIndirectInputEvents = YES;
				INFOPLIST_KEY_UILaunchStoryboardName = LaunchScreen;
				INFOPLIST_KEY_UIMainStoryboardFile = Main;
				INFOPLIST_KEY_UISupportedInterfaceOrientations_iPad = "UIInterfaceOrientationPortrait UIInterfaceOrientationPortraitUpsideDown UIInterfaceOrientationLandscapeLeft UIInterfaceOrientationLandscapeRight";
				INFOPLIST_KEY_UISupportedInterfaceOrientations_iPhone = "UIInterfaceOrientationPortrait UIInterfaceOrientationLandscapeLeft UIInterfaceOrientationLandscapeRight";
				LD_RUNPATH_SEARCH_PATHS = (
					"$(inherited)",
					"@executable_path/Frameworks",
				);
				MARKETING_VERSION = 1.0;
				PRODUCT_BUNDLE_IDENTIFIER = com.yongjun.AppleStore;
				PRODUCT_NAME = "$(TARGET_NAME)";
				SWIFT_EMIT_LOC_STRINGS = YES;
				SWIFT_VERSION = 5.0;
				TARGETED_DEVICE_FAMILY = "1,2";
			};
			name = Debug;
		};
		1296799227BE638B0036953B /* Release */ = {
			isa = XCBuildConfiguration;
			buildSettings = {
				ASSETCATALOG_COMPILER_APPICON_NAME = AppIcon;
				ASSETCATALOG_COMPILER_GLOBAL_ACCENT_COLOR_NAME = AccentColor;
				CODE_SIGN_STYLE = Automatic;
				CURRENT_PROJECT_VERSION = 1;
				DEVELOPMENT_TEAM = VZTRDYYN8R;
				GENERATE_INFOPLIST_FILE = YES;
				INFOPLIST_FILE = AppleStore/Info.plist;
				INFOPLIST_KEY_UIApplicationSupportsIndirectInputEvents = YES;
				INFOPLIST_KEY_UILaunchStoryboardName = LaunchScreen;
				INFOPLIST_KEY_UIMainStoryboardFile = Main;
				INFOPLIST_KEY_UISupportedInterfaceOrientations_iPad = "UIInterfaceOrientationPortrait UIInterfaceOrientationPortraitUpsideDown UIInterfaceOrientationLandscapeLeft UIInterfaceOrientationLandscapeRight";
				INFOPLIST_KEY_UISupportedInterfaceOrientations_iPhone = "UIInterfaceOrientationPortrait UIInterfaceOrientationLandscapeLeft UIInterfaceOrientationLandscapeRight";
				LD_RUNPATH_SEARCH_PATHS = (
					"$(inherited)",
					"@executable_path/Frameworks",
				);
				MARKETING_VERSION = 1.0;
				PRODUCT_BUNDLE_IDENTIFIER = com.yongjun.AppleStore;
				PRODUCT_NAME = "$(TARGET_NAME)";
				SWIFT_EMIT_LOC_STRINGS = YES;
				SWIFT_VERSION = 5.0;
				TARGETED_DEVICE_FAMILY = "1,2";
			};
			name = Release;
		};
/* End XCBuildConfiguration section */

/* Begin XCConfigurationList section */
		1296797727BE63890036953B /* Build configuration list for PBXProject "AppleStore" */ = {
			isa = XCConfigurationList;
			buildConfigurations = (
				1296798E27BE638B0036953B /* Debug */,
				1296798F27BE638B0036953B /* Release */,
			);
			defaultConfigurationIsVisible = 0;
			defaultConfigurationName = Release;
		};
		1296799027BE638B0036953B /* Build configuration list for PBXNativeTarget "AppleStore" */ = {
			isa = XCConfigurationList;
			buildConfigurations = (
				1296799127BE638B0036953B /* Debug */,
				1296799227BE638B0036953B /* Release */,
			);
			defaultConfigurationIsVisible = 0;
			defaultConfigurationName = Release;
		};
/* End XCConfigurationList section */

/* Begin XCRemoteSwiftPackageReference section */
		1296799327BE672B0036953B /* XCRemoteSwiftPackageReference "SnapKit" */ = {
			isa = XCRemoteSwiftPackageReference;
			repositoryURL = "https://github.com/SnapKit/SnapKit.git";
			requirement = {
				branch = develop;
				kind = branch;
			};
		};
		1296799627BE67380036953B /* XCRemoteSwiftPackageReference "addthen" */ = {
			isa = XCRemoteSwiftPackageReference;
			repositoryURL = "https://github.com/stareta1202/addthen";
			requirement = {
				branch = main;
				kind = branch;
			};
		};
		1296799927BE678C0036953B /* XCRemoteSwiftPackageReference "CombineCocoa" */ = {
			isa = XCRemoteSwiftPackageReference;
			repositoryURL = "https://github.com/CombineCommunity/CombineCocoa";
			requirement = {
				kind = upToNextMajorVersion;
				minimumVersion = 0.4.0;
			};
		};
		129679A427BE6C4F0036953B /* XCRemoteSwiftPackageReference "realm-swift" */ = {
			isa = XCRemoteSwiftPackageReference;
			repositoryURL = "https://github.com/realm/realm-swift.git";
			requirement = {
				kind = upToNextMajorVersion;
				minimumVersion = 10.20.0;
			};
		};
/* End XCRemoteSwiftPackageReference section */

/* Begin XCSwiftPackageProductDependency section */
		1296799427BE672B0036953B /* SnapKit */ = {
			isa = XCSwiftPackageProductDependency;
			package = 1296799327BE672B0036953B /* XCRemoteSwiftPackageReference "SnapKit" */;
			productName = SnapKit;
		};
		1296799727BE67380036953B /* AddThen */ = {
			isa = XCSwiftPackageProductDependency;
			package = 1296799627BE67380036953B /* XCRemoteSwiftPackageReference "addthen" */;
			productName = AddThen;
		};
		1296799A27BE678C0036953B /* CombineCocoa */ = {
			isa = XCSwiftPackageProductDependency;
			package = 1296799927BE678C0036953B /* XCRemoteSwiftPackageReference "CombineCocoa" */;
			productName = CombineCocoa;
		};
		129679A527BE6C4F0036953B /* Realm */ = {
			isa = XCSwiftPackageProductDependency;
			package = 129679A427BE6C4F0036953B /* XCRemoteSwiftPackageReference "realm-swift" */;
			productName = Realm;
		};
		129679A727BE6C4F0036953B /* RealmSwift */ = {
			isa = XCSwiftPackageProductDependency;
			package = 129679A427BE6C4F0036953B /* XCRemoteSwiftPackageReference "realm-swift" */;
			productName = RealmSwift;
		};
/* End XCSwiftPackageProductDependency section */
	};
	rootObject = 1296797427BE63890036953B /* Project object */;
}
