{
  "object": {
    "pins": [
      {
        "package": "AddThen",
        "repositoryURL": "https://github.com/stareta1202/addthen",
        "state": {
          "branch": "main",
          "revision": "655c81a444143b08ff8ff4b69176e423ca113b48",
          "version": null
        }
      },
      {
        "package": "CombineCocoa",
        "repositoryURL": "https://github.com/CombineCommunity/CombineCocoa",
        "state": {
          "branch": null,
          "revision": "4e262c2f9fb1cee1cb3be5717f7e6b55eb823971",
          "version": "0.4.0"
        }
      },
      {
        "package": "RealmDatabase",
        "repositoryURL": "https://github.com/realm/realm-core",
        "state": {
          "branch": null,
          "revision": "6b81f1a7a2d421f9e0b9e7f04e76bcf736a54409",
          "version": "11.9.0"
        }
      },
      {
        "package": "Realm",
        "repositoryURL": "https://github.com/realm/realm-swift.git",
        "state": {
          "branch": null,
          "revision": "9dff9f2862240d521ad6ad599541269177ddb993",
          "version": "10.22.0"
        }
      },
      {
        "package": "SnapKit",
        "repositoryURL": "https://github.com/SnapKit/SnapKit.git",
        "state": {
          "branch": "develop",
          "revision": "466db39ee4ef32b0f7c8cd9f009aaf42f80beace",
          "version": null
        }
      }
    ]
  },
  "version": 1
}
